// !$*UTF8*$!
{
	archiveVersion = 1;
	classes = {
	};
	objectVersion = 46;
	objects = {

/* Begin PBXBuildFile section */
		11975EFC1979125700FDE23C /* PrefFile.icns in Resources */ = {isa = PBXBuildFile; fileRef = 11975EFB1979125700FDE23C /* PrefFile.icns */; };
		11A407B31979E22800D16D7E /* AMKeyboardViewController.h in Headers */ = {isa = PBXBuildFile; fileRef = 11A407B11979E22800D16D7E /* AMKeyboardViewController.h */; };
		11A407B41979E22800D16D7E /* AMKeyboardViewController.m in Sources */ = {isa = PBXBuildFile; fileRef = 11A407B21979E22800D16D7E /* AMKeyboardViewController.m */; };
		11BA70F61975FF1A00499416 /* AMKeyboardView.xib in Resources */ = {isa = PBXBuildFile; fileRef = 11FBAF8F1975FA8C00F52CAF /* AMKeyboardView.xib */; };
		11BA70F71975FF1A00499416 /* AMPressAndHoldPrefPane.xib in Resources */ = {isa = PBXBuildFile; fileRef = 11FBAF201975C5FB00F52CAF /* AMPressAndHoldPrefPane.xib */; };
		11BA70FA197606CE00499416 /* AMKeyboardView.h in Headers */ = {isa = PBXBuildFile; fileRef = 11BA70F8197606CE00499416 /* AMKeyboardView.h */; };
		11BA70FB197606CE00499416 /* AMKeyboardView.m in Sources */ = {isa = PBXBuildFile; fileRef = 11BA70F9197606CE00499416 /* AMKeyboardView.m */; };
		11FBAF0D1975C5FB00F52CAF /* Cocoa.framework in Frameworks */ = {isa = PBXBuildFile; fileRef = 11FBAF0C1975C5FB00F52CAF /* Cocoa.framework */; };
		11FBAF0F1975C5FB00F52CAF /* PreferencePanes.framework in Frameworks */ = {isa = PBXBuildFile; fileRef = 11FBAF0E1975C5FB00F52CAF /* PreferencePanes.framework */; };
		11FBAF191975C5FB00F52CAF /* InfoPlist.strings in Resources */ = {isa = PBXBuildFile; fileRef = 11FBAF171975C5FB00F52CAF /* InfoPlist.strings */; };
		11FBAF1D1975C5FB00F52CAF /* AMPressAndHoldPrefController.m in Sources */ = {isa = PBXBuildFile; fileRef = 11FBAF1C1975C5FB00F52CAF /* AMPressAndHoldPrefController.m */; };
		11FBAF301975C95E00F52CAF /* AMPressAndHoldPlistModel.h in Headers */ = {isa = PBXBuildFile; fileRef = 11FBAF2E1975C95E00F52CAF /* AMPressAndHoldPlistModel.h */; };
		11FBAF311975C95E00F52CAF /* AMPressAndHoldPlistModel.m in Sources */ = {isa = PBXBuildFile; fileRef = 11FBAF2F1975C95E00F52CAF /* AMPressAndHoldPlistModel.m */; };
		11FBAF341975DCD500F52CAF /* AMLocaleUtility.h in Headers */ = {isa = PBXBuildFile; fileRef = 11FBAF321975DCD500F52CAF /* AMLocaleUtility.h */; };
		11FBAF351975DCD500F52CAF /* AMLocaleUtility.m in Sources */ = {isa = PBXBuildFile; fileRef = 11FBAF331975DCD500F52CAF /* AMLocaleUtility.m */; };
/* End PBXBuildFile section */

/* Begin PBXFileReference section */
		11975EFB1979125700FDE23C /* PrefFile.icns */ = {isa = PBXFileReference; lastKnownFileType = image.icns; path = PrefFile.icns; sourceTree = "<group>"; };
		11A407B11979E22800D16D7E /* AMKeyboardViewController.h */ = {isa = PBXFileReference; fileEncoding = 4; lastKnownFileType = sourcecode.c.h; path = AMKeyboardViewController.h; sourceTree = "<group>"; };
		11A407B21979E22800D16D7E /* AMKeyboardViewController.m */ = {isa = PBXFileReference; fileEncoding = 4; lastKnownFileType = sourcecode.c.objc; path = AMKeyboardViewController.m; sourceTree = "<group>"; };
		11BA70F8197606CE00499416 /* AMKeyboardView.h */ = {isa = PBXFileReference; fileEncoding = 4; lastKnownFileType = sourcecode.c.h; path = AMKeyboardView.h; sourceTree = "<group>"; };
		11BA70F9197606CE00499416 /* AMKeyboardView.m */ = {isa = PBXFileReference; fileEncoding = 4; lastKnownFileType = sourcecode.c.objc; path = AMKeyboardView.m; sourceTree = "<group>"; };
		11FBAF091975C5FB00F52CAF /* Press and Hold Mod.prefPane */ = {isa = PBXFileReference; explicitFileType = wrapper.cfbundle; includeInIndex = 0; path = "Press and Hold Mod.prefPane"; sourceTree = BUILT_PRODUCTS_DIR; };
		11FBAF0C1975C5FB00F52CAF /* Cocoa.framework */ = {isa = PBXFileReference; lastKnownFileType = wrapper.framework; name = Cocoa.framework; path = System/Library/Frameworks/Cocoa.framework; sourceTree = SDKROOT; };
		11FBAF0E1975C5FB00F52CAF /* PreferencePanes.framework */ = {isa = PBXFileReference; lastKnownFileType = wrapper.framework; name = PreferencePanes.framework; path = System/Library/Frameworks/PreferencePanes.framework; sourceTree = SDKROOT; };
		11FBAF111975C5FB00F52CAF /* AppKit.framework */ = {isa = PBXFileReference; lastKnownFileType = wrapper.framework; name = AppKit.framework; path = System/Library/Frameworks/AppKit.framework; sourceTree = SDKROOT; };
		11FBAF121975C5FB00F52CAF /* CoreData.framework */ = {isa = PBXFileReference; lastKnownFileType = wrapper.framework; name = CoreData.framework; path = System/Library/Frameworks/CoreData.framework; sourceTree = SDKROOT; };
		11FBAF131975C5FB00F52CAF /* Foundation.framework */ = {isa = PBXFileReference; lastKnownFileType = wrapper.framework; name = Foundation.framework; path = System/Library/Frameworks/Foundation.framework; sourceTree = SDKROOT; };
		11FBAF161975C5FB00F52CAF /* Press and Hold Mod-Info.plist */ = {isa = PBXFileReference; lastKnownFileType = text.plist.xml; path = "Press and Hold Mod-Info.plist"; sourceTree = "<group>"; };
		11FBAF181975C5FB00F52CAF /* en */ = {isa = PBXFileReference; lastKnownFileType = text.plist.strings; name = en; path = en.lproj/InfoPlist.strings; sourceTree = "<group>"; };
		11FBAF1A1975C5FB00F52CAF /* Press and Hold Mod-Prefix.pch */ = {isa = PBXFileReference; lastKnownFileType = sourcecode.c.h; path = "Press and Hold Mod-Prefix.pch"; sourceTree = "<group>"; };
		11FBAF1B1975C5FB00F52CAF /* AMPressAndHoldPrefController.h */ = {isa = PBXFileReference; lastKnownFileType = sourcecode.c.h; path = AMPressAndHoldPrefController.h; sourceTree = "<group>"; };
		11FBAF1C1975C5FB00F52CAF /* AMPressAndHoldPrefController.m */ = {isa = PBXFileReference; lastKnownFileType = sourcecode.c.objc; path = AMPressAndHoldPrefController.m; sourceTree = "<group>"; };
		11FBAF211975C5FB00F52CAF /* Base */ = {isa = PBXFileReference; lastKnownFileType = file.xib; name = Base; path = Base.lproj/AMPressAndHoldPrefPane.xib; sourceTree = "<group>"; };
		11FBAF2E1975C95E00F52CAF /* AMPressAndHoldPlistModel.h */ = {isa = PBXFileReference; fileEncoding = 4; lastKnownFileType = sourcecode.c.h; path = AMPressAndHoldPlistModel.h; sourceTree = "<group>"; };
		11FBAF2F1975C95E00F52CAF /* AMPressAndHoldPlistModel.m */ = {isa = PBXFileReference; fileEncoding = 4; lastKnownFileType = sourcecode.c.objc; path = AMPressAndHoldPlistModel.m; sourceTree = "<group>"; };
		11FBAF321975DCD500F52CAF /* AMLocaleUtility.h */ = {isa = PBXFileReference; fileEncoding = 4; lastKnownFileType = sourcecode.c.h; path = AMLocaleUtility.h; sourceTree = "<group>"; };
		11FBAF331975DCD500F52CAF /* AMLocaleUtility.m */ = {isa = PBXFileReference; fileEncoding = 4; lastKnownFileType = sourcecode.c.objc; path = AMLocaleUtility.m; sourceTree = "<group>"; };
		11FBAF8F1975FA8C00F52CAF /* AMKeyboardView.xib */ = {isa = PBXFileReference; fileEncoding = 4; lastKnownFileType = file.xib; path = AMKeyboardView.xib; sourceTree = "<group>"; };
/* End PBXFileReference section */

/* Begin PBXFrameworksBuildPhase section */
		11FBAF041975C5FB00F52CAF /* Frameworks */ = {
			isa = PBXFrameworksBuildPhase;
			buildActionMask = 2147483647;
			files = (
				11FBAF0D1975C5FB00F52CAF /* Cocoa.framework in Frameworks */,
				11FBAF0F1975C5FB00F52CAF /* PreferencePanes.framework in Frameworks */,
			);
			runOnlyForDeploymentPostprocessing = 0;
		};
/* End PBXFrameworksBuildPhase section */

/* Begin PBXGroup section */
		11FBAEFE1975C5FB00F52CAF = {
			isa = PBXGroup;
			children = (
				11FBAF141975C5FB00F52CAF /* Press and Hold Mod */,
				11FBAF0B1975C5FB00F52CAF /* Frameworks */,
				11FBAF0A1975C5FB00F52CAF /* Products */,
			);
			sourceTree = "<group>";
		};
		11FBAF0A1975C5FB00F52CAF /* Products */ = {
			isa = PBXGroup;
			children = (
				11FBAF091975C5FB00F52CAF /* Press and Hold Mod.prefPane */,
			);
			name = Products;
			sourceTree = "<group>";
		};
		11FBAF0B1975C5FB00F52CAF /* Frameworks */ = {
			isa = PBXGroup;
			children = (
				11FBAF0C1975C5FB00F52CAF /* Cocoa.framework */,
				11FBAF0E1975C5FB00F52CAF /* PreferencePanes.framework */,
				11FBAF101975C5FB00F52CAF /* Other Frameworks */,
			);
			name = Frameworks;
			sourceTree = "<group>";
		};
		11FBAF101975C5FB00F52CAF /* Other Frameworks */ = {
			isa = PBXGroup;
			children = (
				11FBAF111975C5FB00F52CAF /* AppKit.framework */,
				11FBAF121975C5FB00F52CAF /* CoreData.framework */,
				11FBAF131975C5FB00F52CAF /* Foundation.framework */,
			);
			name = "Other Frameworks";
			sourceTree = "<group>";
		};
		11FBAF141975C5FB00F52CAF /* Press and Hold Mod */ = {
			isa = PBXGroup;
			children = (
				D8F2C2FC1977984F00A7F18B /* Models */,
				D8F2C2FA1977981300A7F18B /* Views */,
				D8F2C2F91977980400A7F18B /* Controllers */,
				D8F2C2FB1977981E00A7F18B /* Nibs */,
				D8F2C2FD1977986500A7F18B /* Assets */,
				11FBAF151975C5FB00F52CAF /* Supporting Files */,
			);
			path = "Press and Hold Mod";
			sourceTree = "<group>";
		};
		11FBAF151975C5FB00F52CAF /* Supporting Files */ = {
			isa = PBXGroup;
			children = (
				11FBAF161975C5FB00F52CAF /* Press and Hold Mod-Info.plist */,
				11FBAF171975C5FB00F52CAF /* InfoPlist.strings */,
				11FBAF1A1975C5FB00F52CAF /* Press and Hold Mod-Prefix.pch */,
			);
			name = "Supporting Files";
			sourceTree = "<group>";
		};
		D8F2C2F91977980400A7F18B /* Controllers */ = {
			isa = PBXGroup;
			children = (
				11FBAF1B1975C5FB00F52CAF /* AMPressAndHoldPrefController.h */,
				11FBAF1C1975C5FB00F52CAF /* AMPressAndHoldPrefController.m */,
				11A407B11979E22800D16D7E /* AMKeyboardViewController.h */,
				11A407B21979E22800D16D7E /* AMKeyboardViewController.m */,
			);
			name = Controllers;
			sourceTree = "<group>";
		};
		D8F2C2FA1977981300A7F18B /* Views */ = {
			isa = PBXGroup;
			children = (
				11BA70F8197606CE00499416 /* AMKeyboardView.h */,
				11BA70F9197606CE00499416 /* AMKeyboardView.m */,
			);
			name = Views;
			sourceTree = "<group>";
		};
		D8F2C2FB1977981E00A7F18B /* Nibs */ = {
			isa = PBXGroup;
			children = (
				11FBAF8F1975FA8C00F52CAF /* AMKeyboardView.xib */,
				11FBAF201975C5FB00F52CAF /* AMPressAndHoldPrefPane.xib */,
			);
			name = Nibs;
			sourceTree = "<group>";
		};
		D8F2C2FC1977984F00A7F18B /* Models */ = {
			isa = PBXGroup;
			children = (
				11FBAF2E1975C95E00F52CAF /* AMPressAndHoldPlistModel.h */,
				11FBAF2F1975C95E00F52CAF /* AMPressAndHoldPlistModel.m */,
				11FBAF321975DCD500F52CAF /* AMLocaleUtility.h */,
				11FBAF331975DCD500F52CAF /* AMLocaleUtility.m */,
			);
			name = Models;
			sourceTree = "<group>";
		};
		D8F2C2FD1977986500A7F18B /* Assets */ = {
			isa = PBXGroup;
			children = (
				11975EFB1979125700FDE23C /* PrefFile.icns */,
			);
			name = Assets;
			sourceTree = "<group>";
		};
/* End PBXGroup section */

/* Begin PBXHeadersBuildPhase section */
		11FBAF051975C5FB00F52CAF /* Headers */ = {
			isa = PBXHeadersBuildPhase;
			buildActionMask = 2147483647;
			files = (
				11FBAF301975C95E00F52CAF /* AMPressAndHoldPlistModel.h in Headers */,
				11FBAF341975DCD500F52CAF /* AMLocaleUtility.h in Headers */,
				11A407B31979E22800D16D7E /* AMKeyboardViewController.h in Headers */,
				11BA70FA197606CE00499416 /* AMKeyboardView.h in Headers */,
			);
			runOnlyForDeploymentPostprocessing = 0;
		};
/* End PBXHeadersBuildPhase section */

/* Begin PBXNativeTarget section */
		11FBAF081975C5FB00F52CAF /* Press and Hold Mod */ = {
			isa = PBXNativeTarget;
			buildConfigurationList = 11FBAF251975C5FB00F52CAF /* Build configuration list for PBXNativeTarget "Press and Hold Mod" */;
			buildPhases = (
				11FBAF031975C5FB00F52CAF /* Sources */,
				11FBAF041975C5FB00F52CAF /* Frameworks */,
				11FBAF051975C5FB00F52CAF /* Headers */,
				11FBAF061975C5FB00F52CAF /* Resources */,
				11FBAF071975C5FB00F52CAF /* Rez */,
			);
			buildRules = (
			);
			dependencies = (
			);
			name = "Press and Hold Mod";
			productName = "Press and Hold Mod";
			productReference = 11FBAF091975C5FB00F52CAF /* Press and Hold Mod.prefPane */;
			productType = "com.apple.product-type.bundle";
		};
/* End PBXNativeTarget section */

/* Begin PBXProject section */
		11FBAEFF1975C5FB00F52CAF /* Project object */ = {
			isa = PBXProject;
			attributes = {
				LastUpgradeCheck = 0510;
				ORGANIZATIONNAME = "Alexander Momchilov";
			};
			buildConfigurationList = 11FBAF021975C5FB00F52CAF /* Build configuration list for PBXProject "Press and Hold Mod" */;
			compatibilityVersion = "Xcode 3.2";
			developmentRegion = English;
			hasScannedForEncodings = 0;
			knownRegions = (
				en,
				Base,
			);
			mainGroup = 11FBAEFE1975C5FB00F52CAF;
			productRefGroup = 11FBAF0A1975C5FB00F52CAF /* Products */;
			projectDirPath = "";
			projectRoot = "";
			targets = (
				11FBAF081975C5FB00F52CAF /* Press and Hold Mod */,
			);
		};
/* End PBXProject section */

/* Begin PBXResourcesBuildPhase section */
		11FBAF061975C5FB00F52CAF /* Resources */ = {
			isa = PBXResourcesBuildPhase;
			buildActionMask = 2147483647;
			files = (
				11BA70F61975FF1A00499416 /* AMKeyboardView.xib in Resources */,
				11BA70F71975FF1A00499416 /* AMPressAndHoldPrefPane.xib in Resources */,
				11FBAF191975C5FB00F52CAF /* InfoPlist.strings in Resources */,
				11975EFC1979125700FDE23C /* PrefFile.icns in Resources */,
			);
			runOnlyForDeploymentPostprocessing = 0;
		};
/* End PBXResourcesBuildPhase section */

/* Begin PBXRezBuildPhase section */
		11FBAF071975C5FB00F52CAF /* Rez */ = {
			isa = PBXRezBuildPhase;
			buildActionMask = 2147483647;
			files = (
			);
			runOnlyForDeploymentPostprocessing = 0;
		};
/* End PBXRezBuildPhase section */

/* Begin PBXSourcesBuildPhase section */
		11FBAF031975C5FB00F52CAF /* Sources */ = {
			isa = PBXSourcesBuildPhase;
			buildActionMask = 2147483647;
			files = (
				11FBAF1D1975C5FB00F52CAF /* AMPressAndHoldPrefController.m in Sources */,
				11BA70FB197606CE00499416 /* AMKeyboardView.m in Sources */,
				11FBAF311975C95E00F52CAF /* AMPressAndHoldPlistModel.m in Sources */,
				11FBAF351975DCD500F52CAF /* AMLocaleUtility.m in Sources */,
				11A407B41979E22800D16D7E /* AMKeyboardViewController.m in Sources */,
			);
			runOnlyForDeploymentPostprocessing = 0;
		};
/* End PBXSourcesBuildPhase section */

/* Begin PBXVariantGroup section */
		11FBAF171975C5FB00F52CAF /* InfoPlist.strings */ = {
			isa = PBXVariantGroup;
			children = (
				11FBAF181975C5FB00F52CAF /* en */,
			);
			name = InfoPlist.strings;
			sourceTree = "<group>";
		};
		11FBAF201975C5FB00F52CAF /* AMPressAndHoldPrefPane.xib */ = {
			isa = PBXVariantGroup;
			children = (
				11FBAF211975C5FB00F52CAF /* Base */,
			);
			name = AMPressAndHoldPrefPane.xib;
			sourceTree = "<group>";
		};
/* End PBXVariantGroup section */

/* Begin XCBuildConfiguration section */
		11FBAF231975C5FB00F52CAF /* Debug */ = {
			isa = XCBuildConfiguration;
			buildSettings = {
				ALWAYS_SEARCH_USER_PATHS = NO;
				CLANG_CXX_LANGUAGE_STANDARD = "gnu++0x";
				CLANG_CXX_LIBRARY = "libc++";
				CLANG_ENABLE_MODULES = YES;
				CLANG_ENABLE_OBJC_ARC = YES;
				CLANG_WARN_BOOL_CONVERSION = YES;
				CLANG_WARN_CONSTANT_CONVERSION = YES;
				CLANG_WARN_DIRECT_OBJC_ISA_USAGE = YES_ERROR;
				CLANG_WARN_EMPTY_BODY = YES;
				CLANG_WARN_ENUM_CONVERSION = YES;
				CLANG_WARN_INT_CONVERSION = YES;
				CLANG_WARN_OBJC_ROOT_CLASS = YES_ERROR;
				CLANG_WARN__DUPLICATE_METHOD_MATCH = YES;
				COPY_PHASE_STRIP = NO;
				GCC_C_LANGUAGE_STANDARD = gnu99;
				GCC_DYNAMIC_NO_PIC = NO;
				GCC_ENABLE_OBJC_EXCEPTIONS = YES;
				GCC_OPTIMIZATION_LEVEL = 0;
				GCC_PREPROCESSOR_DEFINITIONS = (
					"DEBUG=1",
					"$(inherited)",
				);
				GCC_SYMBOLS_PRIVATE_EXTERN = NO;
				GCC_WARN_64_TO_32_BIT_CONVERSION = YES;
				GCC_WARN_ABOUT_RETURN_TYPE = YES_ERROR;
				GCC_WARN_UNDECLARED_SELECTOR = YES;
				GCC_WARN_UNINITIALIZED_AUTOS = YES_AGGRESSIVE;
				GCC_WARN_UNUSED_FUNCTION = YES;
				GCC_WARN_UNUSED_VARIABLE = YES;
				MACOSX_DEPLOYMENT_TARGET = 10.9;
				ONLY_ACTIVE_ARCH = YES;
				SDKROOT = macosx;
			};
			name = Debug;
		};
		11FBAF241975C5FB00F52CAF /* Release */ = {
			isa = XCBuildConfiguration;
			buildSettings = {
				ALWAYS_SEARCH_USER_PATHS = NO;
				CLANG_CXX_LANGUAGE_STANDARD = "gnu++0x";
				CLANG_CXX_LIBRARY = "libc++";
				CLANG_ENABLE_MODULES = YES;
				CLANG_ENABLE_OBJC_ARC = YES;
				CLANG_WARN_BOOL_CONVERSION = YES;
				CLANG_WARN_CONSTANT_CONVERSION = YES;
				CLANG_WARN_DIRECT_OBJC_ISA_USAGE = YES_ERROR;
				CLANG_WARN_EMPTY_BODY = YES;
				CLANG_WARN_ENUM_CONVERSION = YES;
				CLANG_WARN_INT_CONVERSION = YES;
				CLANG_WARN_OBJC_ROOT_CLASS = YES_ERROR;
				CLANG_WARN__DUPLICATE_METHOD_MATCH = YES;
				COPY_PHASE_STRIP = YES;
				DEBUG_INFORMATION_FORMAT = "dwarf-with-dsym";
				ENABLE_NS_ASSERTIONS = NO;
				GCC_C_LANGUAGE_STANDARD = gnu99;
				GCC_ENABLE_OBJC_EXCEPTIONS = YES;
				GCC_WARN_64_TO_32_BIT_CONVERSION = YES;
				GCC_WARN_ABOUT_RETURN_TYPE = YES_ERROR;
				GCC_WARN_UNDECLARED_SELECTOR = YES;
				GCC_WARN_UNINITIALIZED_AUTOS = YES_AGGRESSIVE;
				GCC_WARN_UNUSED_FUNCTION = YES;
				GCC_WARN_UNUSED_VARIABLE = YES;
				MACOSX_DEPLOYMENT_TARGET = 10.9;
				SDKROOT = macosx;
			};
			name = Release;
		};
		11FBAF261975C5FB00F52CAF /* Debug */ = {
			isa = XCBuildConfiguration;
			buildSettings = {
				COMBINE_HIDPI_IMAGES = YES;
				GCC_PRECOMPILE_PREFIX_HEADER = YES;
				GCC_PREFIX_HEADER = "Press and Hold Mod/Press and Hold Mod-Prefix.pch";
				INFOPLIST_FILE = "Press and Hold Mod/Press and Hold Mod-Info.plist";
				INSTALL_PATH = "$(HOME)/Library/PreferencePanes";
				PRODUCT_NAME = "$(TARGET_NAME)";
				WRAPPER_EXTENSION = prefPane;
			};
			name = Debug;
		};
		11FBAF271975C5FB00F52CAF /* Release */ = {
			isa = XCBuildConfiguration;
			buildSettings = {
				COMBINE_HIDPI_IMAGES = YES;
				GCC_PRECOMPILE_PREFIX_HEADER = YES;
				GCC_PREFIX_HEADER = "Press and Hold Mod/Press and Hold Mod-Prefix.pch";
				INFOPLIST_FILE = "Press and Hold Mod/Press and Hold Mod-Info.plist";
				INSTALL_PATH = "$(HOME)/Library/PreferencePanes";
				PRODUCT_NAME = "$(TARGET_NAME)";
				WRAPPER_EXTENSION = prefPane;
			};
			name = Release;
		};
/* End XCBuildConfiguration section */

/* Begin XCConfigurationList section */
		11FBAF021975C5FB00F52CAF /* Build configuration list for PBXProject "Press and Hold Mod" */ = {
			isa = XCConfigurationList;
			buildConfigurations = (
				11FBAF231975C5FB00F52CAF /* Debug */,
				11FBAF241975C5FB00F52CAF /* Release */,
			);
			defaultConfigurationIsVisible = 0;
			defaultConfigurationName = Release;
		};
		11FBAF251975C5FB00F52CAF /* Build configuration list for PBXNativeTarget "Press and Hold Mod" */ = {
			isa = XCConfigurationList;
			buildConfigurations = (
				11FBAF261975C5FB00F52CAF /* Debug */,
				11FBAF271975C5FB00F52CAF /* Release */,
			);
			defaultConfigurationIsVisible = 0;
			defaultConfigurationName = Release;
		};
/* End XCConfigurationList section */
	};
	rootObject = 11FBAEFF1975C5FB00F52CAF /* Project object */;
}
