// !$*UTF8*$!
{
	archiveVersion = 1;
	classes = {
	};
	objectVersion = 46;
	objects = {

/* Begin PBXBuildFile section */
		1106AEAF1985C2D5003B5FBD /* AMKeyboardModel.h in Headers */ = {isa = PBXBuildFile; fileRef = 1106AEAD1985C2D5003B5FBD /* AMKeyboardModel.h */; };
		1106AEB01985C2D5003B5FBD /* AMKeyboardModel.m in Sources */ = {isa = PBXBuildFile; fileRef = 1106AEAE1985C2D5003B5FBD /* AMKeyboardModel.m */; };
		110F4390197A0E8E00923AC3 /* AMKeyboardVC.h in Headers */ = {isa = PBXBuildFile; fileRef = 110F438E197A0E8E00923AC3 /* AMKeyboardVC.h */; };
		110F4391197A0E8E00923AC3 /* AMKeyboardVC.m in Sources */ = {isa = PBXBuildFile; fileRef = 110F438F197A0E8E00923AC3 /* AMKeyboardVC.m */; };
		1131FEAF197B1BA200ADE59A /* AMPopoverPanel.h in Headers */ = {isa = PBXBuildFile; fileRef = 1131FEAD197B1BA200ADE59A /* AMPopoverPanel.h */; };
		1131FEB0197B1BA200ADE59A /* AMPopoverPanel.m in Sources */ = {isa = PBXBuildFile; fileRef = 1131FEAE197B1BA200ADE59A /* AMPopoverPanel.m */; };
		1131FEB4197B1C3500ADE59A /* AMPopoverController.h in Headers */ = {isa = PBXBuildFile; fileRef = 1131FEB1197B1C3500ADE59A /* AMPopoverController.h */; };
		1131FEB5197B1C3500ADE59A /* AMPopoverController.m in Sources */ = {isa = PBXBuildFile; fileRef = 1131FEB2197B1C3500ADE59A /* AMPopoverController.m */; };
		1150809719998A7D00AA89B2 /* AMPopoverView.h in Headers */ = {isa = PBXBuildFile; fileRef = 1150809519998A7D00AA89B2 /* AMPopoverView.h */; };
		1150809819998A7D00AA89B2 /* AMPopoverView.m in Sources */ = {isa = PBXBuildFile; fileRef = 1150809619998A7D00AA89B2 /* AMPopoverView.m */; };
		116F2B631A7C2F28006DEC5C /* AMKeyboardView.xib in Resources */ = {isa = PBXBuildFile; fileRef = 116F2B621A7C2F28006DEC5C /* AMKeyboardView.xib */; };
		116F2B671A7C3109006DEC5C /* AMCharPopoverViewController.h in Headers */ = {isa = PBXBuildFile; fileRef = 116F2B641A7C3109006DEC5C /* AMCharPopoverViewController.h */; };
		116F2B681A7C3109006DEC5C /* AMCharPopoverViewController.m in Sources */ = {isa = PBXBuildFile; fileRef = 116F2B651A7C3109006DEC5C /* AMCharPopoverViewController.m */; };
		116F2B691A7C3109006DEC5C /* AMCharPopover.xib in Resources */ = {isa = PBXBuildFile; fileRef = 116F2B661A7C3109006DEC5C /* AMCharPopover.xib */; };
		118A5BCD1999C5F800DE0383 /* NSColor+AMCatagory.h in Headers */ = {isa = PBXBuildFile; fileRef = 118A5BCB1999C5F800DE0383 /* NSColor+AMCatagory.h */; };
		118A5BCE1999C5F800DE0383 /* NSColor+AMCatagory.m in Sources */ = {isa = PBXBuildFile; fileRef = 118A5BCC1999C5F800DE0383 /* NSColor+AMCatagory.m */; };
		11949F051A142E9400CF3F41 /* AMCharPopoverView.h in Headers */ = {isa = PBXBuildFile; fileRef = 11949F031A142E9400CF3F41 /* AMCharPopoverView.h */; };
		11949F061A142E9400CF3F41 /* AMCharPopoverView.m in Sources */ = {isa = PBXBuildFile; fileRef = 11949F041A142E9400CF3F41 /* AMCharPopoverView.m */; };
		1196E2EE198F3C3100155AD9 /* AMModifierButton.h in Headers */ = {isa = PBXBuildFile; fileRef = 1196E2EC198F3C3100155AD9 /* AMModifierButton.h */; };
		1196E2EF198F3C3100155AD9 /* AMModifierButton.m in Sources */ = {isa = PBXBuildFile; fileRef = 1196E2ED198F3C3100155AD9 /* AMModifierButton.m */; };
		11975EFC1979125700FDE23C /* PrefFile.icns in Resources */ = {isa = PBXBuildFile; fileRef = 11975EFB1979125700FDE23C /* PrefFile.icns */; };
		11BA70F71975FF1A00499416 /* AMPressAndHoldPrefPane.xib in Resources */ = {isa = PBXBuildFile; fileRef = 11FBAF201975C5FB00F52CAF /* AMPressAndHoldPrefPane.xib */; };
		11BA70FA197606CE00499416 /* AMKeyboardView.h in Headers */ = {isa = PBXBuildFile; fileRef = 11BA70F8197606CE00499416 /* AMKeyboardView.h */; };
		11BA70FB197606CE00499416 /* AMKeyboardView.m in Sources */ = {isa = PBXBuildFile; fileRef = 11BA70F9197606CE00499416 /* AMKeyboardView.m */; };
		11FBAF0D1975C5FB00F52CAF /* Cocoa.framework in Frameworks */ = {isa = PBXBuildFile; fileRef = 11FBAF0C1975C5FB00F52CAF /* Cocoa.framework */; };
		11FBAF0F1975C5FB00F52CAF /* PreferencePanes.framework in Frameworks */ = {isa = PBXBuildFile; fileRef = 11FBAF0E1975C5FB00F52CAF /* PreferencePanes.framework */; };
		11FBAF191975C5FB00F52CAF /* InfoPlist.strings in Resources */ = {isa = PBXBuildFile; fileRef = 11FBAF171975C5FB00F52CAF /* InfoPlist.strings */; };
		11FBAF1D1975C5FB00F52CAF /* AMPressAndHoldPrefController.m in Sources */ = {isa = PBXBuildFile; fileRef = 11FBAF1C1975C5FB00F52CAF /* AMPressAndHoldPrefController.m */; };
		11FBAF301975C95E00F52CAF /* AMPressAndHoldPlistModel.h in Headers */ = {isa = PBXBuildFile; fileRef = 11FBAF2E1975C95E00F52CAF /* AMPressAndHoldPlistModel.h */; };
		11FBAF311975C95E00F52CAF /* AMPressAndHoldPlistModel.m in Sources */ = {isa = PBXBuildFile; fileRef = 11FBAF2F1975C95E00F52CAF /* AMPressAndHoldPlistModel.m */; };
		11FBAF341975DCD500F52CAF /* AMLocaleUtilities.h in Headers */ = {isa = PBXBuildFile; fileRef = 11FBAF321975DCD500F52CAF /* AMLocaleUtilities.h */; };
		11FBAF351975DCD500F52CAF /* AMLocaleUtilities.m in Sources */ = {isa = PBXBuildFile; fileRef = 11FBAF331975DCD500F52CAF /* AMLocaleUtilities.m */; };
		D82E97D3197CEE1400E45C07 /* NSView+AMCatagory.h in Headers */ = {isa = PBXBuildFile; fileRef = D82E97D1197CEE1400E45C07 /* NSView+AMCatagory.h */; };
		D82E97D4197CEE1400E45C07 /* NSView+AMCatagory.m in Sources */ = {isa = PBXBuildFile; fileRef = D82E97D2197CEE1400E45C07 /* NSView+AMCatagory.m */; };
		FA607F5A22EFEE87009751FA /* MojavePressAndHoldListModel.swift in Sources */ = {isa = PBXBuildFile; fileRef = FA607F5922EFEE87009751FA /* MojavePressAndHoldListModel.swift */; };
/* End PBXBuildFile section */

/* Begin PBXFileReference section */
		1106AEAD1985C2D5003B5FBD /* AMKeyboardModel.h */ = {isa = PBXFileReference; fileEncoding = 4; lastKnownFileType = sourcecode.c.h; path = AMKeyboardModel.h; sourceTree = "<group>"; };
		1106AEAE1985C2D5003B5FBD /* AMKeyboardModel.m */ = {isa = PBXFileReference; fileEncoding = 4; lastKnownFileType = sourcecode.c.objc; path = AMKeyboardModel.m; sourceTree = "<group>"; };
		110F438E197A0E8E00923AC3 /* AMKeyboardVC.h */ = {isa = PBXFileReference; fileEncoding = 4; lastKnownFileType = sourcecode.c.h; path = AMKeyboardVC.h; sourceTree = "<group>"; };
		110F438F197A0E8E00923AC3 /* AMKeyboardVC.m */ = {isa = PBXFileReference; fileEncoding = 4; lastKnownFileType = sourcecode.c.objc; path = AMKeyboardVC.m; sourceTree = "<group>"; };
		1131FEAD197B1BA200ADE59A /* AMPopoverPanel.h */ = {isa = PBXFileReference; fileEncoding = 4; lastKnownFileType = sourcecode.c.h; path = AMPopoverPanel.h; sourceTree = "<group>"; };
		1131FEAE197B1BA200ADE59A /* AMPopoverPanel.m */ = {isa = PBXFileReference; fileEncoding = 4; lastKnownFileType = sourcecode.c.objc; path = AMPopoverPanel.m; sourceTree = "<group>"; };
		1131FEB1197B1C3500ADE59A /* AMPopoverController.h */ = {isa = PBXFileReference; fileEncoding = 4; lastKnownFileType = sourcecode.c.h; path = AMPopoverController.h; sourceTree = "<group>"; };
		1131FEB2197B1C3500ADE59A /* AMPopoverController.m */ = {isa = PBXFileReference; fileEncoding = 4; lastKnownFileType = sourcecode.c.objc; path = AMPopoverController.m; sourceTree = "<group>"; };
		1150809519998A7D00AA89B2 /* AMPopoverView.h */ = {isa = PBXFileReference; fileEncoding = 4; lastKnownFileType = sourcecode.c.h; path = AMPopoverView.h; sourceTree = "<group>"; };
		1150809619998A7D00AA89B2 /* AMPopoverView.m */ = {isa = PBXFileReference; fileEncoding = 4; lastKnownFileType = sourcecode.c.objc; path = AMPopoverView.m; sourceTree = "<group>"; };
		116F2B621A7C2F28006DEC5C /* AMKeyboardView.xib */ = {isa = PBXFileReference; fileEncoding = 4; lastKnownFileType = file.xib; path = AMKeyboardView.xib; sourceTree = "<group>"; };
		116F2B641A7C3109006DEC5C /* AMCharPopoverViewController.h */ = {isa = PBXFileReference; fileEncoding = 4; lastKnownFileType = sourcecode.c.h; path = AMCharPopoverViewController.h; sourceTree = "<group>"; };
		116F2B651A7C3109006DEC5C /* AMCharPopoverViewController.m */ = {isa = PBXFileReference; fileEncoding = 4; lastKnownFileType = sourcecode.c.objc; path = AMCharPopoverViewController.m; sourceTree = "<group>"; };
		116F2B661A7C3109006DEC5C /* AMCharPopover.xib */ = {isa = PBXFileReference; fileEncoding = 4; lastKnownFileType = file.xib; path = AMCharPopover.xib; sourceTree = "<group>"; };
		118A5BCB1999C5F800DE0383 /* NSColor+AMCatagory.h */ = {isa = PBXFileReference; fileEncoding = 4; lastKnownFileType = sourcecode.c.h; path = "NSColor+AMCatagory.h"; sourceTree = "<group>"; };
		118A5BCC1999C5F800DE0383 /* NSColor+AMCatagory.m */ = {isa = PBXFileReference; fileEncoding = 4; lastKnownFileType = sourcecode.c.objc; path = "NSColor+AMCatagory.m"; sourceTree = "<group>"; };
		11949F031A142E9400CF3F41 /* AMCharPopoverView.h */ = {isa = PBXFileReference; fileEncoding = 4; lastKnownFileType = sourcecode.c.h; path = AMCharPopoverView.h; sourceTree = "<group>"; };
		11949F041A142E9400CF3F41 /* AMCharPopoverView.m */ = {isa = PBXFileReference; fileEncoding = 4; lastKnownFileType = sourcecode.c.objc; path = AMCharPopoverView.m; sourceTree = "<group>"; };
		1196E2EC198F3C3100155AD9 /* AMModifierButton.h */ = {isa = PBXFileReference; fileEncoding = 4; lastKnownFileType = sourcecode.c.h; path = AMModifierButton.h; sourceTree = "<group>"; };
		1196E2ED198F3C3100155AD9 /* AMModifierButton.m */ = {isa = PBXFileReference; fileEncoding = 4; lastKnownFileType = sourcecode.c.objc; path = AMModifierButton.m; sourceTree = "<group>"; };
		11975EFB1979125700FDE23C /* PrefFile.icns */ = {isa = PBXFileReference; lastKnownFileType = image.icns; path = PrefFile.icns; sourceTree = "<group>"; };
		11BA70F8197606CE00499416 /* AMKeyboardView.h */ = {isa = PBXFileReference; fileEncoding = 4; lastKnownFileType = sourcecode.c.h; path = AMKeyboardView.h; sourceTree = "<group>"; };
		11BA70F9197606CE00499416 /* AMKeyboardView.m */ = {isa = PBXFileReference; fileEncoding = 4; lastKnownFileType = sourcecode.c.objc; path = AMKeyboardView.m; sourceTree = "<group>"; };
		11FBAF091975C5FB00F52CAF /* Press and Hold Mod.prefPane */ = {isa = PBXFileReference; explicitFileType = wrapper.cfbundle; includeInIndex = 0; path = "Press and Hold Mod.prefPane"; sourceTree = BUILT_PRODUCTS_DIR; };
		11FBAF0C1975C5FB00F52CAF /* Cocoa.framework */ = {isa = PBXFileReference; lastKnownFileType = wrapper.framework; name = Cocoa.framework; path = System/Library/Frameworks/Cocoa.framework; sourceTree = SDKROOT; };
		11FBAF0E1975C5FB00F52CAF /* PreferencePanes.framework */ = {isa = PBXFileReference; lastKnownFileType = wrapper.framework; name = PreferencePanes.framework; path = System/Library/Frameworks/PreferencePanes.framework; sourceTree = SDKROOT; };
		11FBAF111975C5FB00F52CAF /* AppKit.framework */ = {isa = PBXFileReference; lastKnownFileType = wrapper.framework; name = AppKit.framework; path = System/Library/Frameworks/AppKit.framework; sourceTree = SDKROOT; };
		11FBAF121975C5FB00F52CAF /* CoreData.framework */ = {isa = PBXFileReference; lastKnownFileType = wrapper.framework; name = CoreData.framework; path = System/Library/Frameworks/CoreData.framework; sourceTree = SDKROOT; };
		11FBAF131975C5FB00F52CAF /* Foundation.framework */ = {isa = PBXFileReference; lastKnownFileType = wrapper.framework; name = Foundation.framework; path = System/Library/Frameworks/Foundation.framework; sourceTree = SDKROOT; };
		11FBAF161975C5FB00F52CAF /* Press and Hold Mod-Info.plist */ = {isa = PBXFileReference; lastKnownFileType = text.plist.xml; path = "Press and Hold Mod-Info.plist"; sourceTree = "<group>"; };
		11FBAF181975C5FB00F52CAF /* en */ = {isa = PBXFileReference; lastKnownFileType = text.plist.strings; name = en; path = en.lproj/InfoPlist.strings; sourceTree = "<group>"; };
		11FBAF1A1975C5FB00F52CAF /* Press and Hold Mod-Prefix.pch */ = {isa = PBXFileReference; lastKnownFileType = sourcecode.c.h; path = "Press and Hold Mod-Prefix.pch"; sourceTree = "<group>"; };
		11FBAF1B1975C5FB00F52CAF /* AMPressAndHoldPrefController.h */ = {isa = PBXFileReference; lastKnownFileType = sourcecode.c.h; path = AMPressAndHoldPrefController.h; sourceTree = "<group>"; };
		11FBAF1C1975C5FB00F52CAF /* AMPressAndHoldPrefController.m */ = {isa = PBXFileReference; lastKnownFileType = sourcecode.c.objc; path = AMPressAndHoldPrefController.m; sourceTree = "<group>"; };
		11FBAF211975C5FB00F52CAF /* Base */ = {isa = PBXFileReference; lastKnownFileType = file.xib; name = Base; path = Base.lproj/AMPressAndHoldPrefPane.xib; sourceTree = "<group>"; };
		11FBAF2E1975C95E00F52CAF /* AMPressAndHoldPlistModel.h */ = {isa = PBXFileReference; fileEncoding = 4; lastKnownFileType = sourcecode.c.h; path = AMPressAndHoldPlistModel.h; sourceTree = "<group>"; };
		11FBAF2F1975C95E00F52CAF /* AMPressAndHoldPlistModel.m */ = {isa = PBXFileReference; fileEncoding = 4; lastKnownFileType = sourcecode.c.objc; path = AMPressAndHoldPlistModel.m; sourceTree = "<group>"; };
		11FBAF321975DCD500F52CAF /* AMLocaleUtilities.h */ = {isa = PBXFileReference; fileEncoding = 4; lastKnownFileType = sourcecode.c.h; path = AMLocaleUtilities.h; sourceTree = "<group>"; };
		11FBAF331975DCD500F52CAF /* AMLocaleUtilities.m */ = {isa = PBXFileReference; fileEncoding = 4; lastKnownFileType = sourcecode.c.objc; path = AMLocaleUtilities.m; sourceTree = "<group>"; };
		D82E97D1197CEE1400E45C07 /* NSView+AMCatagory.h */ = {isa = PBXFileReference; fileEncoding = 4; lastKnownFileType = sourcecode.c.h; path = "NSView+AMCatagory.h"; sourceTree = "<group>"; };
		D82E97D2197CEE1400E45C07 /* NSView+AMCatagory.m */ = {isa = PBXFileReference; fileEncoding = 4; lastKnownFileType = sourcecode.c.objc; path = "NSView+AMCatagory.m"; sourceTree = "<group>"; };
		FA607F5822EFEE86009751FA /* Press and Hold Mod-Bridging-Header.h */ = {isa = PBXFileReference; lastKnownFileType = sourcecode.c.h; path = "Press and Hold Mod-Bridging-Header.h"; sourceTree = "<group>"; };
		FA607F5922EFEE87009751FA /* MojavePressAndHoldListModel.swift */ = {isa = PBXFileReference; lastKnownFileType = sourcecode.swift; path = MojavePressAndHoldListModel.swift; sourceTree = "<group>"; };
/* End PBXFileReference section */

/* Begin PBXFrameworksBuildPhase section */
		11FBAF041975C5FB00F52CAF /* Frameworks */ = {
			isa = PBXFrameworksBuildPhase;
			buildActionMask = 2147483647;
			files = (
				11FBAF0D1975C5FB00F52CAF /* Cocoa.framework in Frameworks */,
				11FBAF0F1975C5FB00F52CAF /* PreferencePanes.framework in Frameworks */,
			);
			runOnlyForDeploymentPostprocessing = 0;
		};
/* End PBXFrameworksBuildPhase section */

/* Begin PBXGroup section */
		1131FEAA197A1BD500ADE59A /* AMKeyboardView */ = {
			isa = PBXGroup;
			children = (
				110F438E197A0E8E00923AC3 /* AMKeyboardVC.h */,
				110F438F197A0E8E00923AC3 /* AMKeyboardVC.m */,
				1106AEAD1985C2D5003B5FBD /* AMKeyboardModel.h */,
				1106AEAE1985C2D5003B5FBD /* AMKeyboardModel.m */,
				11BA70F8197606CE00499416 /* AMKeyboardView.h */,
				11BA70F9197606CE00499416 /* AMKeyboardView.m */,
				1196E2EC198F3C3100155AD9 /* AMModifierButton.h */,
				1196E2ED198F3C3100155AD9 /* AMModifierButton.m */,
				116F2B621A7C2F28006DEC5C /* AMKeyboardView.xib */,
			);
			name = AMKeyboardView;
			sourceTree = "<group>";
		};
		1131FEAB197A1BE400ADE59A /* AMPressAndHoldPref */ = {
			isa = PBXGroup;
			children = (
				11FBAF1B1975C5FB00F52CAF /* AMPressAndHoldPrefController.h */,
				11FBAF1C1975C5FB00F52CAF /* AMPressAndHoldPrefController.m */,
				11FBAF2E1975C95E00F52CAF /* AMPressAndHoldPlistModel.h */,
				11FBAF2F1975C95E00F52CAF /* AMPressAndHoldPlistModel.m */,
				FA607F5922EFEE87009751FA /* MojavePressAndHoldListModel.swift */,
				11FBAF201975C5FB00F52CAF /* AMPressAndHoldPrefPane.xib */,
				1131FEAA197A1BD500ADE59A /* AMKeyboardView */,
				1131FEAC197B1B5800ADE59A /* AMAccentCharPopover */,
				FA607F5822EFEE86009751FA /* Press and Hold Mod-Bridging-Header.h */,
			);
			name = AMPressAndHoldPref;
			sourceTree = "<group>";
		};
		1131FEAC197B1B5800ADE59A /* AMAccentCharPopover */ = {
			isa = PBXGroup;
			children = (
				11949F021A142E5000CF3F41 /* AMPopover */,
				116F2B641A7C3109006DEC5C /* AMCharPopoverViewController.h */,
				116F2B651A7C3109006DEC5C /* AMCharPopoverViewController.m */,
				11949F031A142E9400CF3F41 /* AMCharPopoverView.h */,
				11949F041A142E9400CF3F41 /* AMCharPopoverView.m */,
				116F2B661A7C3109006DEC5C /* AMCharPopover.xib */,
			);
			name = AMAccentCharPopover;
			sourceTree = "<group>";
		};
		11949F021A142E5000CF3F41 /* AMPopover */ = {
			isa = PBXGroup;
			children = (
				1131FEB1197B1C3500ADE59A /* AMPopoverController.h */,
				1131FEB2197B1C3500ADE59A /* AMPopoverController.m */,
				1131FEAD197B1BA200ADE59A /* AMPopoverPanel.h */,
				1131FEAE197B1BA200ADE59A /* AMPopoverPanel.m */,
				1150809519998A7D00AA89B2 /* AMPopoverView.h */,
				1150809619998A7D00AA89B2 /* AMPopoverView.m */,
			);
			name = AMPopover;
			sourceTree = "<group>";
		};
		119797C119820F2C00E87F71 /* Utilities */ = {
			isa = PBXGroup;
			children = (
				11FBAF321975DCD500F52CAF /* AMLocaleUtilities.h */,
				11FBAF331975DCD500F52CAF /* AMLocaleUtilities.m */,
			);
			name = Utilities;
			sourceTree = "<group>";
		};
		11FBAEFE1975C5FB00F52CAF = {
			isa = PBXGroup;
			children = (
				11FBAF141975C5FB00F52CAF /* Press and Hold Mod */,
				11FBAF0B1975C5FB00F52CAF /* Frameworks */,
				11FBAF0A1975C5FB00F52CAF /* Products */,
			);
			sourceTree = "<group>";
		};
		11FBAF0A1975C5FB00F52CAF /* Products */ = {
			isa = PBXGroup;
			children = (
				11FBAF091975C5FB00F52CAF /* Press and Hold Mod.prefPane */,
			);
			name = Products;
			sourceTree = "<group>";
		};
		11FBAF0B1975C5FB00F52CAF /* Frameworks */ = {
			isa = PBXGroup;
			children = (
				11FBAF0C1975C5FB00F52CAF /* Cocoa.framework */,
				11FBAF0E1975C5FB00F52CAF /* PreferencePanes.framework */,
				11FBAF101975C5FB00F52CAF /* Other Frameworks */,
			);
			name = Frameworks;
			sourceTree = "<group>";
		};
		11FBAF101975C5FB00F52CAF /* Other Frameworks */ = {
			isa = PBXGroup;
			children = (
				11FBAF111975C5FB00F52CAF /* AppKit.framework */,
				11FBAF121975C5FB00F52CAF /* CoreData.framework */,
				11FBAF131975C5FB00F52CAF /* Foundation.framework */,
			);
			name = "Other Frameworks";
			sourceTree = "<group>";
		};
		11FBAF141975C5FB00F52CAF /* Press and Hold Mod */ = {
			isa = PBXGroup;
			children = (
				1131FEAB197A1BE400ADE59A /* AMPressAndHoldPref */,
				D82E97D0197CEDF700E45C07 /* Categories */,
				119797C119820F2C00E87F71 /* Utilities */,
				D8F2C2FD1977986500A7F18B /* Assets */,
				11FBAF151975C5FB00F52CAF /* Supporting Files */,
			);
			path = "Press and Hold Mod";
			sourceTree = "<group>";
		};
		11FBAF151975C5FB00F52CAF /* Supporting Files */ = {
			isa = PBXGroup;
			children = (
				11FBAF161975C5FB00F52CAF /* Press and Hold Mod-Info.plist */,
				11FBAF171975C5FB00F52CAF /* InfoPlist.strings */,
				11FBAF1A1975C5FB00F52CAF /* Press and Hold Mod-Prefix.pch */,
			);
			name = "Supporting Files";
			sourceTree = "<group>";
		};
		D82E97D0197CEDF700E45C07 /* Categories */ = {
			isa = PBXGroup;
			children = (
				118A5BCB1999C5F800DE0383 /* NSColor+AMCatagory.h */,
				118A5BCC1999C5F800DE0383 /* NSColor+AMCatagory.m */,
				D82E97D1197CEE1400E45C07 /* NSView+AMCatagory.h */,
				D82E97D2197CEE1400E45C07 /* NSView+AMCatagory.m */,
			);
			name = Categories;
			sourceTree = "<group>";
		};
		D8F2C2FD1977986500A7F18B /* Assets */ = {
			isa = PBXGroup;
			children = (
				11975EFB1979125700FDE23C /* PrefFile.icns */,
			);
			name = Assets;
			sourceTree = "<group>";
		};
/* End PBXGroup section */

/* Begin PBXHeadersBuildPhase section */
		11FBAF051975C5FB00F52CAF /* Headers */ = {
			isa = PBXHeadersBuildPhase;
			buildActionMask = 2147483647;
			files = (
				1131FEB4197B1C3500ADE59A /* AMPopoverController.h in Headers */,
				1196E2EE198F3C3100155AD9 /* AMModifierButton.h in Headers */,
				D82E97D3197CEE1400E45C07 /* NSView+AMCatagory.h in Headers */,
				1131FEAF197B1BA200ADE59A /* AMPopoverPanel.h in Headers */,
				116F2B671A7C3109006DEC5C /* AMCharPopoverViewController.h in Headers */,
				11FBAF301975C95E00F52CAF /* AMPressAndHoldPlistModel.h in Headers */,
				11FBAF341975DCD500F52CAF /* AMLocaleUtilities.h in Headers */,
				118A5BCD1999C5F800DE0383 /* NSColor+AMCatagory.h in Headers */,
				1150809719998A7D00AA89B2 /* AMPopoverView.h in Headers */,
				110F4390197A0E8E00923AC3 /* AMKeyboardVC.h in Headers */,
				1106AEAF1985C2D5003B5FBD /* AMKeyboardModel.h in Headers */,
				11BA70FA197606CE00499416 /* AMKeyboardView.h in Headers */,
				11949F051A142E9400CF3F41 /* AMCharPopoverView.h in Headers */,
			);
			runOnlyForDeploymentPostprocessing = 0;
		};
/* End PBXHeadersBuildPhase section */

/* Begin PBXNativeTarget section */
		11FBAF081975C5FB00F52CAF /* Press and Hold Mod */ = {
			isa = PBXNativeTarget;
			buildConfigurationList = 11FBAF251975C5FB00F52CAF /* Build configuration list for PBXNativeTarget "Press and Hold Mod" */;
			buildPhases = (
				11FBAF031975C5FB00F52CAF /* Sources */,
				11FBAF041975C5FB00F52CAF /* Frameworks */,
				11FBAF051975C5FB00F52CAF /* Headers */,
				11FBAF061975C5FB00F52CAF /* Resources */,
				11FBAF071975C5FB00F52CAF /* Rez */,
			);
			buildRules = (
			);
			dependencies = (
			);
			name = "Press and Hold Mod";
			productName = "Press and Hold Mod";
			productReference = 11FBAF091975C5FB00F52CAF /* Press and Hold Mod.prefPane */;
			productType = "com.apple.product-type.bundle";
		};
/* End PBXNativeTarget section */

/* Begin PBXProject section */
		11FBAEFF1975C5FB00F52CAF /* Project object */ = {
			isa = PBXProject;
			attributes = {
				LastUpgradeCheck = 1100;
				ORGANIZATIONNAME = "Alexander Momchilov";
				TargetAttributes = {
					11FBAF081975C5FB00F52CAF = {
						LastSwiftMigration = 1030;
					};
				};
			};
			buildConfigurationList = 11FBAF021975C5FB00F52CAF /* Build configuration list for PBXProject "Press and Hold Mod" */;
			compatibilityVersion = "Xcode 3.2";
			developmentRegion = English;
			hasScannedForEncodings = 0;
			knownRegions = (
				English,
				en,
				Base,
			);
			mainGroup = 11FBAEFE1975C5FB00F52CAF;
			productRefGroup = 11FBAF0A1975C5FB00F52CAF /* Products */;
			projectDirPath = "";
			projectRoot = "";
			targets = (
				11FBAF081975C5FB00F52CAF /* Press and Hold Mod */,
			);
		};
/* End PBXProject section */

/* Begin PBXResourcesBuildPhase section */
		11FBAF061975C5FB00F52CAF /* Resources */ = {
			isa = PBXResourcesBuildPhase;
			buildActionMask = 2147483647;
			files = (
				11BA70F71975FF1A00499416 /* AMPressAndHoldPrefPane.xib in Resources */,
				116F2B631A7C2F28006DEC5C /* AMKeyboardView.xib in Resources */,
				11FBAF191975C5FB00F52CAF /* InfoPlist.strings in Resources */,
				11975EFC1979125700FDE23C /* PrefFile.icns in Resources */,
				116F2B691A7C3109006DEC5C /* AMCharPopover.xib in Resources */,
			);
			runOnlyForDeploymentPostprocessing = 0;
		};
/* End PBXResourcesBuildPhase section */

/* Begin PBXRezBuildPhase section */
		11FBAF071975C5FB00F52CAF /* Rez */ = {
			isa = PBXRezBuildPhase;
			buildActionMask = 2147483647;
			files = (
			);
			runOnlyForDeploymentPostprocessing = 0;
		};
/* End PBXRezBuildPhase section */

/* Begin PBXSourcesBuildPhase section */
		11FBAF031975C5FB00F52CAF /* Sources */ = {
			isa = PBXSourcesBuildPhase;
			buildActionMask = 2147483647;
			files = (
				1106AEB01985C2D5003B5FBD /* AMKeyboardModel.m in Sources */,
				FA607F5A22EFEE87009751FA /* MojavePressAndHoldListModel.swift in Sources */,
				11FBAF1D1975C5FB00F52CAF /* AMPressAndHoldPrefController.m in Sources */,
				1150809819998A7D00AA89B2 /* AMPopoverView.m in Sources */,
				1196E2EF198F3C3100155AD9 /* AMModifierButton.m in Sources */,
				11BA70FB197606CE00499416 /* AMKeyboardView.m in Sources */,
				D82E97D4197CEE1400E45C07 /* NSView+AMCatagory.m in Sources */,
				118A5BCE1999C5F800DE0383 /* NSColor+AMCatagory.m in Sources */,
				116F2B681A7C3109006DEC5C /* AMCharPopoverViewController.m in Sources */,
				11FBAF311975C95E00F52CAF /* AMPressAndHoldPlistModel.m in Sources */,
				1131FEB5197B1C3500ADE59A /* AMPopoverController.m in Sources */,
				11949F061A142E9400CF3F41 /* AMCharPopoverView.m in Sources */,
				11FBAF351975DCD500F52CAF /* AMLocaleUtilities.m in Sources */,
				110F4391197A0E8E00923AC3 /* AMKeyboardVC.m in Sources */,
				1131FEB0197B1BA200ADE59A /* AMPopoverPanel.m in Sources */,
			);
			runOnlyForDeploymentPostprocessing = 0;
		};
/* End PBXSourcesBuildPhase section */

/* Begin PBXVariantGroup section */
		11FBAF171975C5FB00F52CAF /* InfoPlist.strings */ = {
			isa = PBXVariantGroup;
			children = (
				11FBAF181975C5FB00F52CAF /* en */,
			);
			name = InfoPlist.strings;
			sourceTree = "<group>";
		};
		11FBAF201975C5FB00F52CAF /* AMPressAndHoldPrefPane.xib */ = {
			isa = PBXVariantGroup;
			children = (
				11FBAF211975C5FB00F52CAF /* Base */,
			);
			name = AMPressAndHoldPrefPane.xib;
			sourceTree = "<group>";
		};
/* End PBXVariantGroup section */

/* Begin XCBuildConfiguration section */
		11FBAF231975C5FB00F52CAF /* Debug */ = {
			isa = XCBuildConfiguration;
			buildSettings = {
				ALWAYS_SEARCH_USER_PATHS = NO;
				CLANG_ANALYZER_LOCALIZABILITY_NONLOCALIZED = YES;
				CLANG_CXX_LANGUAGE_STANDARD = "gnu++0x";
				CLANG_CXX_LIBRARY = "libc++";
				CLANG_ENABLE_MODULES = YES;
				CLANG_ENABLE_OBJC_ARC = YES;
				CLANG_WARN_BLOCK_CAPTURE_AUTORELEASING = YES;
				CLANG_WARN_BOOL_CONVERSION = YES;
				CLANG_WARN_COMMA = YES;
				CLANG_WARN_CONSTANT_CONVERSION = YES;
				CLANG_WARN_DEPRECATED_OBJC_IMPLEMENTATIONS = YES;
				CLANG_WARN_DIRECT_OBJC_ISA_USAGE = YES_ERROR;
				CLANG_WARN_EMPTY_BODY = YES;
				CLANG_WARN_ENUM_CONVERSION = YES;
				CLANG_WARN_INFINITE_RECURSION = YES;
				CLANG_WARN_INT_CONVERSION = YES;
				CLANG_WARN_NON_LITERAL_NULL_CONVERSION = YES;
				CLANG_WARN_OBJC_IMPLICIT_RETAIN_SELF = YES;
				CLANG_WARN_OBJC_LITERAL_CONVERSION = YES;
				CLANG_WARN_OBJC_ROOT_CLASS = YES_ERROR;
				CLANG_WARN_RANGE_LOOP_ANALYSIS = YES;
				CLANG_WARN_STRICT_PROTOTYPES = YES;
				CLANG_WARN_SUSPICIOUS_MOVE = YES;
				CLANG_WARN_UNREACHABLE_CODE = YES;
				CLANG_WARN__DUPLICATE_METHOD_MATCH = YES;
				COPY_PHASE_STRIP = NO;
				ENABLE_STRICT_OBJC_MSGSEND = YES;
				ENABLE_TESTABILITY = YES;
				GCC_C_LANGUAGE_STANDARD = gnu99;
				GCC_DYNAMIC_NO_PIC = NO;
				GCC_ENABLE_OBJC_EXCEPTIONS = YES;
				GCC_NO_COMMON_BLOCKS = YES;
				GCC_OPTIMIZATION_LEVEL = 0;
				GCC_PREPROCESSOR_DEFINITIONS = (
					"DEBUG=1",
					"$(inherited)",
				);
				GCC_SYMBOLS_PRIVATE_EXTERN = NO;
				GCC_WARN_64_TO_32_BIT_CONVERSION = YES;
				GCC_WARN_ABOUT_RETURN_TYPE = YES_ERROR;
				GCC_WARN_UNDECLARED_SELECTOR = YES;
				GCC_WARN_UNINITIALIZED_AUTOS = YES_AGGRESSIVE;
				GCC_WARN_UNUSED_FUNCTION = YES;
				GCC_WARN_UNUSED_VARIABLE = YES;
				MACOSX_DEPLOYMENT_TARGET = 10.9;
				ONLY_ACTIVE_ARCH = YES;
				SDKROOT = macosx;
			};
			name = Debug;
		};
		11FBAF241975C5FB00F52CAF /* Release */ = {
			isa = XCBuildConfiguration;
			buildSettings = {
				ALWAYS_SEARCH_USER_PATHS = NO;
				CLANG_ANALYZER_LOCALIZABILITY_NONLOCALIZED = YES;
				CLANG_CXX_LANGUAGE_STANDARD = "gnu++0x";
				CLANG_CXX_LIBRARY = "libc++";
				CLANG_ENABLE_MODULES = YES;
				CLANG_ENABLE_OBJC_ARC = YES;
				CLANG_WARN_BLOCK_CAPTURE_AUTORELEASING = YES;
				CLANG_WARN_BOOL_CONVERSION = YES;
				CLANG_WARN_COMMA = YES;
				CLANG_WARN_CONSTANT_CONVERSION = YES;
				CLANG_WARN_DEPRECATED_OBJC_IMPLEMENTATIONS = YES;
				CLANG_WARN_DIRECT_OBJC_ISA_USAGE = YES_ERROR;
				CLANG_WARN_EMPTY_BODY = YES;
				CLANG_WARN_ENUM_CONVERSION = YES;
				CLANG_WARN_INFINITE_RECURSION = YES;
				CLANG_WARN_INT_CONVERSION = YES;
				CLANG_WARN_NON_LITERAL_NULL_CONVERSION = YES;
				CLANG_WARN_OBJC_IMPLICIT_RETAIN_SELF = YES;
				CLANG_WARN_OBJC_LITERAL_CONVERSION = YES;
				CLANG_WARN_OBJC_ROOT_CLASS = YES_ERROR;
				CLANG_WARN_RANGE_LOOP_ANALYSIS = YES;
				CLANG_WARN_STRICT_PROTOTYPES = YES;
				CLANG_WARN_SUSPICIOUS_MOVE = YES;
				CLANG_WARN_UNREACHABLE_CODE = YES;
				CLANG_WARN__DUPLICATE_METHOD_MATCH = YES;
				COPY_PHASE_STRIP = YES;
				DEBUG_INFORMATION_FORMAT = "dwarf-with-dsym";
				ENABLE_NS_ASSERTIONS = NO;
				ENABLE_STRICT_OBJC_MSGSEND = YES;
				GCC_C_LANGUAGE_STANDARD = gnu99;
				GCC_ENABLE_OBJC_EXCEPTIONS = YES;
				GCC_NO_COMMON_BLOCKS = YES;
				GCC_WARN_64_TO_32_BIT_CONVERSION = YES;
				GCC_WARN_ABOUT_RETURN_TYPE = YES_ERROR;
				GCC_WARN_UNDECLARED_SELECTOR = YES;
				GCC_WARN_UNINITIALIZED_AUTOS = YES_AGGRESSIVE;
				GCC_WARN_UNUSED_FUNCTION = YES;
				GCC_WARN_UNUSED_VARIABLE = YES;
				MACOSX_DEPLOYMENT_TARGET = 10.9;
				SDKROOT = macosx;
			};
			name = Release;
		};
		11FBAF261975C5FB00F52CAF /* Debug */ = {
			isa = XCBuildConfiguration;
			buildSettings = {
				CLANG_ENABLE_MODULES = YES;
				COMBINE_HIDPI_IMAGES = YES;
				GCC_PRECOMPILE_PREFIX_HEADER = YES;
				GCC_PREFIX_HEADER = "Press and Hold Mod/Press and Hold Mod-Prefix.pch";
				INFOPLIST_FILE = "Press and Hold Mod/Press and Hold Mod-Info.plist";
				INSTALL_PATH = "$(HOME)/Library/PreferencePanes";
				LD_RUNPATH_SEARCH_PATHS = "$(inherited) @executable_path/../Frameworks @loader_path/../Frameworks";
				PRODUCT_BUNDLE_IDENTIFIER = "AM.${PRODUCT_NAME:rfc1034identifier}";
				PRODUCT_NAME = "$(TARGET_NAME)";
				SWIFT_OBJC_BRIDGING_HEADER = "Press and Hold Mod/Press and Hold Mod-Bridging-Header.h";
				SWIFT_OPTIMIZATION_LEVEL = "-Onone";
				SWIFT_VERSION = 5.0;
				WRAPPER_EXTENSION = prefPane;
			};
			name = Debug;
		};
		11FBAF271975C5FB00F52CAF /* Release */ = {
			isa = XCBuildConfiguration;
			buildSettings = {
				CLANG_ENABLE_MODULES = YES;
				COMBINE_HIDPI_IMAGES = YES;
				GCC_PRECOMPILE_PREFIX_HEADER = YES;
				GCC_PREFIX_HEADER = "Press and Hold Mod/Press and Hold Mod-Prefix.pch";
				INFOPLIST_FILE = "Press and Hold Mod/Press and Hold Mod-Info.plist";
				INSTALL_PATH = "$(HOME)/Library/PreferencePanes";
				LD_RUNPATH_SEARCH_PATHS = "$(inherited) @executable_path/../Frameworks @loader_path/../Frameworks";
				PRODUCT_BUNDLE_IDENTIFIER = "AM.${PRODUCT_NAME:rfc1034identifier}";
				PRODUCT_NAME = "$(TARGET_NAME)";
				SWIFT_OBJC_BRIDGING_HEADER = "Press and Hold Mod/Press and Hold Mod-Bridging-Header.h";
				SWIFT_VERSION = 5.0;
				WRAPPER_EXTENSION = prefPane;
			};
			name = Release;
		};
/* End XCBuildConfiguration section */

/* Begin XCConfigurationList section */
		11FBAF021975C5FB00F52CAF /* Build configuration list for PBXProject "Press and Hold Mod" */ = {
			isa = XCConfigurationList;
			buildConfigurations = (
				11FBAF231975C5FB00F52CAF /* Debug */,
				11FBAF241975C5FB00F52CAF /* Release */,
			);
			defaultConfigurationIsVisible = 0;
			defaultConfigurationName = Release;
		};
		11FBAF251975C5FB00F52CAF /* Build configuration list for PBXNativeTarget "Press and Hold Mod" */ = {
			isa = XCConfigurationList;
			buildConfigurations = (
				11FBAF261975C5FB00F52CAF /* Debug */,
				11FBAF271975C5FB00F52CAF /* Release */,
			);
			defaultConfigurationIsVisible = 0;
			defaultConfigurationName = Release;
		};
/* End XCConfigurationList section */
	};
	rootObject = 11FBAEFF1975C5FB00F52CAF /* Project object */;
}
